// !$*UTF8*$!
{
	archiveVersion = 1;
	classes = {
	};
	objectVersion = 46;
	objects = {

/* Begin PBXBuildFile section */
		3F787F501C746F5F002261A3 /* AppDelegate.swift in Sources */ = {isa = PBXBuildFile; fileRef = 3F787F4F1C746F5F002261A3 /* AppDelegate.swift */; };
		3F787F521C746F5F002261A3 /* ViewController.swift in Sources */ = {isa = PBXBuildFile; fileRef = 3F787F511C746F5F002261A3 /* ViewController.swift */; };
		3F787F551C746F5F002261A3 /* Main.storyboard in Resources */ = {isa = PBXBuildFile; fileRef = 3F787F531C746F5F002261A3 /* Main.storyboard */; };
		3F787F571C746F5F002261A3 /* Assets.xcassets in Resources */ = {isa = PBXBuildFile; fileRef = 3F787F561C746F5F002261A3 /* Assets.xcassets */; };
		3F787F5A1C746F5F002261A3 /* LaunchScreen.storyboard in Resources */ = {isa = PBXBuildFile; fileRef = 3F787F581C746F5F002261A3 /* LaunchScreen.storyboard */; };
		3F7E1E021C7DE77600344616 /* NSURLSessionDownloadTask.swift in Sources */ = {isa = PBXBuildFile; fileRef = 3F7E1E001C7DE77600344616 /* NSURLSessionDownloadTask.swift */; };
		3F7E1E031C7DE77600344616 /* NSURLSessionDownloadTask.xib in Resources */ = {isa = PBXBuildFile; fileRef = 3F7E1E011C7DE77600344616 /* NSURLSessionDownloadTask.xib */; };
		3FC612FF1C7DA4C900204A45 /* ImageDownload.swift in Sources */ = {isa = PBXBuildFile; fileRef = 3FC612FD1C7DA4C900204A45 /* ImageDownload.swift */; };
		3FC613001C7DA4C900204A45 /* ImageDownload.xib in Resources */ = {isa = PBXBuildFile; fileRef = 3FC612FE1C7DA4C900204A45 /* ImageDownload.xib */; };
		3FC613031C7DA75400204A45 /* SmallDataDownload.swift in Sources */ = {isa = PBXBuildFile; fileRef = 3FC613011C7DA75400204A45 /* SmallDataDownload.swift */; };
		3FC613041C7DA75400204A45 /* SmallDataDownload.xib in Resources */ = {isa = PBXBuildFile; fileRef = 3FC613021C7DA75400204A45 /* SmallDataDownload.xib */; };
		3FC613071C7DA79400204A45 /* BigDataDownload.swift in Sources */ = {isa = PBXBuildFile; fileRef = 3FC613051C7DA79400204A45 /* BigDataDownload.swift */; };
		3FC613081C7DA79400204A45 /* BigDataDownload.xib in Resources */ = {isa = PBXBuildFile; fileRef = 3FC613061C7DA79400204A45 /* BigDataDownload.xib */; };
		3FC6130B1C7DA7E100204A45 /* NSOutputStreamDownload.swift in Sources */ = {isa = PBXBuildFile; fileRef = 3FC613091C7DA7E100204A45 /* NSOutputStreamDownload.swift */; };
		3FC6130C1C7DA7E100204A45 /* NSOutputStreamDownload.xib in Resources */ = {isa = PBXBuildFile; fileRef = 3FC6130A1C7DA7E100204A45 /* NSOutputStreamDownload.xib */; };
/* End PBXBuildFile section */

/* Begin PBXFileReference section */
		3F787F4C1C746F5F002261A3 /* DownloadTestApp.app */ = {isa = PBXFileReference; explicitFileType = wrapper.application; includeInIndex = 0; path = DownloadTestApp.app; sourceTree = BUILT_PRODUCTS_DIR; };
		3F787F4F1C746F5F002261A3 /* AppDelegate.swift */ = {isa = PBXFileReference; lastKnownFileType = sourcecode.swift; path = AppDelegate.swift; sourceTree = "<group>"; };
		3F787F511C746F5F002261A3 /* ViewController.swift */ = {isa = PBXFileReference; lastKnownFileType = sourcecode.swift; path = ViewController.swift; sourceTree = "<group>"; };
		3F787F541C746F5F002261A3 /* Base */ = {isa = PBXFileReference; lastKnownFileType = file.storyboard; name = Base; path = Base.lproj/Main.storyboard; sourceTree = "<group>"; };
		3F787F561C746F5F002261A3 /* Assets.xcassets */ = {isa = PBXFileReference; lastKnownFileType = folder.assetcatalog; path = Assets.xcassets; sourceTree = "<group>"; };
		3F787F591C746F5F002261A3 /* Base */ = {isa = PBXFileReference; lastKnownFileType = file.storyboard; name = Base; path = Base.lproj/LaunchScreen.storyboard; sourceTree = "<group>"; };
		3F787F5B1C746F5F002261A3 /* Info.plist */ = {isa = PBXFileReference; lastKnownFileType = text.plist.xml; path = Info.plist; sourceTree = "<group>"; };
		3F7E1E001C7DE77600344616 /* NSURLSessionDownloadTask.swift */ = {isa = PBXFileReference; fileEncoding = 4; lastKnownFileType = sourcecode.swift; path = NSURLSessionDownloadTask.swift; sourceTree = "<group>"; };
		3F7E1E011C7DE77600344616 /* NSURLSessionDownloadTask.xib */ = {isa = PBXFileReference; fileEncoding = 4; lastKnownFileType = file.xib; path = NSURLSessionDownloadTask.xib; sourceTree = "<group>"; };
		3FC612FD1C7DA4C900204A45 /* ImageDownload.swift */ = {isa = PBXFileReference; fileEncoding = 4; lastKnownFileType = sourcecode.swift; path = ImageDownload.swift; sourceTree = "<group>"; };
		3FC612FE1C7DA4C900204A45 /* ImageDownload.xib */ = {isa = PBXFileReference; fileEncoding = 4; lastKnownFileType = file.xib; path = ImageDownload.xib; sourceTree = "<group>"; };
		3FC613011C7DA75400204A45 /* SmallDataDownload.swift */ = {isa = PBXFileReference; fileEncoding = 4; lastKnownFileType = sourcecode.swift; path = SmallDataDownload.swift; sourceTree = "<group>"; };
		3FC613021C7DA75400204A45 /* SmallDataDownload.xib */ = {isa = PBXFileReference; fileEncoding = 4; lastKnownFileType = file.xib; path = SmallDataDownload.xib; sourceTree = "<group>"; };
		3FC613051C7DA79400204A45 /* BigDataDownload.swift */ = {isa = PBXFileReference; fileEncoding = 4; lastKnownFileType = sourcecode.swift; path = BigDataDownload.swift; sourceTree = "<group>"; };
		3FC613061C7DA79400204A45 /* BigDataDownload.xib */ = {isa = PBXFileReference; fileEncoding = 4; lastKnownFileType = file.xib; path = BigDataDownload.xib; sourceTree = "<group>"; };
		3FC613091C7DA7E100204A45 /* NSOutputStreamDownload.swift */ = {isa = PBXFileReference; fileEncoding = 4; lastKnownFileType = sourcecode.swift; path = NSOutputStreamDownload.swift; sourceTree = "<group>"; };
		3FC6130A1C7DA7E100204A45 /* NSOutputStreamDownload.xib */ = {isa = PBXFileReference; fileEncoding = 4; lastKnownFileType = file.xib; path = NSOutputStreamDownload.xib; sourceTree = "<group>"; };
/* End PBXFileReference section */

/* Begin PBXFrameworksBuildPhase section */
		3F787F491C746F5F002261A3 /* Frameworks */ = {
			isa = PBXFrameworksBuildPhase;
			buildActionMask = 2147483647;
			files = (
			);
			runOnlyForDeploymentPostprocessing = 0;
		};
/* End PBXFrameworksBuildPhase section */

/* Begin PBXGroup section */
		3F787F431C746F5F002261A3 = {
			isa = PBXGroup;
			children = (
				3F787F4E1C746F5F002261A3 /* DownloadTestApp */,
				3F787F4D1C746F5F002261A3 /* Products */,
			);
			sourceTree = "<group>";
		};
		3F787F4D1C746F5F002261A3 /* Products */ = {
			isa = PBXGroup;
			children = (
				3F787F4C1C746F5F002261A3 /* DownloadTestApp.app */,
			);
			name = Products;
			sourceTree = "<group>";
		};
		3F787F4E1C746F5F002261A3 /* DownloadTestApp */ = {
			isa = PBXGroup;
			children = (
				3FC6130D1C7DAE5300204A45 /* Download */,
				3F787F4F1C746F5F002261A3 /* AppDelegate.swift */,
				3F787F511C746F5F002261A3 /* ViewController.swift */,
				3F787F531C746F5F002261A3 /* Main.storyboard */,
				3F787F561C746F5F002261A3 /* Assets.xcassets */,
				3F787F581C746F5F002261A3 /* LaunchScreen.storyboard */,
				3F787F5B1C746F5F002261A3 /* Info.plist */,
			);
			path = DownloadTestApp;
			sourceTree = "<group>";
		};
		3FC6130D1C7DAE5300204A45 /* Download */ = {
			isa = PBXGroup;
			children = (
				3FC612FD1C7DA4C900204A45 /* ImageDownload.swift */,
				3FC612FE1C7DA4C900204A45 /* ImageDownload.xib */,
				3FC613011C7DA75400204A45 /* SmallDataDownload.swift */,
				3FC613021C7DA75400204A45 /* SmallDataDownload.xib */,
				3FC613051C7DA79400204A45 /* BigDataDownload.swift */,
				3FC613061C7DA79400204A45 /* BigDataDownload.xib */,
				3FC613091C7DA7E100204A45 /* NSOutputStreamDownload.swift */,
				3FC6130A1C7DA7E100204A45 /* NSOutputStreamDownload.xib */,
				3F7E1E001C7DE77600344616 /* NSURLSessionDownloadTask.swift */,
				3F7E1E011C7DE77600344616 /* NSURLSessionDownloadTask.xib */,
			);
			name = Download;
			sourceTree = "<group>";
		};
/* End PBXGroup section */

/* Begin PBXNativeTarget section */
		3F787F4B1C746F5F002261A3 /* DownloadTestApp */ = {
			isa = PBXNativeTarget;
			buildConfigurationList = 3F787F5E1C746F5F002261A3 /* Build configuration list for PBXNativeTarget "DownloadTestApp" */;
			buildPhases = (
				3F787F481C746F5F002261A3 /* Sources */,
				3F787F491C746F5F002261A3 /* Frameworks */,
				3F787F4A1C746F5F002261A3 /* Resources */,
			);
			buildRules = (
			);
			dependencies = (
			);
			name = DownloadTestApp;
			productName = DownloadTestApp;
			productReference = 3F787F4C1C746F5F002261A3 /* DownloadTestApp.app */;
			productType = "com.apple.product-type.application";
		};
/* End PBXNativeTarget section */

/* Begin PBXProject section */
		3F787F441C746F5F002261A3 /* Project object */ = {
			isa = PBXProject;
			attributes = {
				LastSwiftUpdateCheck = 0710;
				LastUpgradeCheck = 0710;
				ORGANIZATIONNAME = K;
				TargetAttributes = {
					3F787F4B1C746F5F002261A3 = {
						CreatedOnToolsVersion = 7.1.1;
					};
				};
			};
			buildConfigurationList = 3F787F471C746F5F002261A3 /* Build configuration list for PBXProject "DownloadTestApp" */;
			compatibilityVersion = "Xcode 3.2";
			developmentRegion = English;
			hasScannedForEncodings = 0;
			knownRegions = (
				en,
				Base,
			);
			mainGroup = 3F787F431C746F5F002261A3;
			productRefGroup = 3F787F4D1C746F5F002261A3 /* Products */;
			projectDirPath = "";
			projectRoot = "";
			targets = (
				3F787F4B1C746F5F002261A3 /* DownloadTestApp */,
			);
		};
/* End PBXProject section */

/* Begin PBXResourcesBuildPhase section */
		3F787F4A1C746F5F002261A3 /* Resources */ = {
			isa = PBXResourcesBuildPhase;
			buildActionMask = 2147483647;
			files = (
				3F7E1E031C7DE77600344616 /* NSURLSessionDownloadTask.xib in Resources */,
				3FC6130C1C7DA7E100204A45 /* NSOutputStreamDownload.xib in Resources */,
				3F787F5A1C746F5F002261A3 /* LaunchScreen.storyboard in Resources */,
				3FC613041C7DA75400204A45 /* SmallDataDownload.xib in Resources */,
				3FC613001C7DA4C900204A45 /* ImageDownload.xib in Resources */,
				3F787F571C746F5F002261A3 /* Assets.xcassets in Resources */,
				3FC613081C7DA79400204A45 /* BigDataDownload.xib in Resources */,
				3F787F551C746F5F002261A3 /* Main.storyboard in Resources */,
			);
			runOnlyForDeploymentPostprocessing = 0;
		};
/* End PBXResourcesBuildPhase section */

/* Begin PBXSourcesBuildPhase section */
		3F787F481C746F5F002261A3 /* Sources */ = {
			isa = PBXSourcesBuildPhase;
			buildActionMask = 2147483647;
			files = (
				3F787F521C746F5F002261A3 /* ViewController.swift in Sources */,
				3FC6130B1C7DA7E100204A45 /* NSOutputStreamDownload.swift in Sources */,
				3F7E1E021C7DE77600344616 /* NSURLSessionDownloadTask.swift in Sources */,
				3FC613031C7DA75400204A45 /* SmallDataDownload.swift in Sources */,
				3FC612FF1C7DA4C900204A45 /* ImageDownload.swift in Sources */,
				3FC613071C7DA79400204A45 /* BigDataDownload.swift in Sources */,
				3F787F501C746F5F002261A3 /* AppDelegate.swift in Sources */,
			);
			runOnlyForDeploymentPostprocessing = 0;
		};
/* End PBXSourcesBuildPhase section */

/* Begin PBXVariantGroup section */
		3F787F531C746F5F002261A3 /* Main.storyboard */ = {
			isa = PBXVariantGroup;
			children = (
				3F787F541C746F5F002261A3 /* Base */,
			);
			name = Main.storyboard;
			sourceTree = "<group>";
		};
		3F787F581C746F5F002261A3 /* LaunchScreen.storyboard */ = {
			isa = PBXVariantGroup;
			children = (
				3F787F591C746F5F002261A3 /* Base */,
			);
			name = LaunchScreen.storyboard;
			sourceTree = "<group>";
		};
/* End PBXVariantGroup section */

/* Begin XCBuildConfiguration section */
		3F787F5C1C746F5F002261A3 /* Debug */ = {
			isa = XCBuildConfiguration;
			buildSettings = {
				ALWAYS_SEARCH_USER_PATHS = NO;
				CLANG_CXX_LANGUAGE_STANDARD = "gnu++0x";
				CLANG_CXX_LIBRARY = "libc++";
				CLANG_ENABLE_MODULES = YES;
				CLANG_ENABLE_OBJC_ARC = YES;
				CLANG_WARN_BOOL_CONVERSION = YES;
				CLANG_WARN_CONSTANT_CONVERSION = YES;
				CLANG_WARN_DIRECT_OBJC_ISA_USAGE = YES_ERROR;
				CLANG_WARN_EMPTY_BODY = YES;
				CLANG_WARN_ENUM_CONVERSION = YES;
				CLANG_WARN_INT_CONVERSION = YES;
				CLANG_WARN_OBJC_ROOT_CLASS = YES_ERROR;
				CLANG_WARN_UNREACHABLE_CODE = YES;
				CLANG_WARN__DUPLICATE_METHOD_MATCH = YES;
				"CODE_SIGN_IDENTITY[sdk=iphoneos*]" = "iPhone Developer";
				COPY_PHASE_STRIP = NO;
				DEBUG_INFORMATION_FORMAT = dwarf;
				ENABLE_STRICT_OBJC_MSGSEND = YES;
				ENABLE_TESTABILITY = YES;
				GCC_C_LANGUAGE_STANDARD = gnu99;
				GCC_DYNAMIC_NO_PIC = NO;
				GCC_NO_COMMON_BLOCKS = YES;
				GCC_OPTIMIZATION_LEVEL = 0;
				GCC_PREPROCESSOR_DEFINITIONS = (
					"DEBUG=1",
					"$(inherited)",
				);
				GCC_WARN_64_TO_32_BIT_CONVERSION = YES;
				GCC_WARN_ABOUT_RETURN_TYPE = YES_ERROR;
				GCC_WARN_UNDECLARED_SELECTOR = YES;
				GCC_WARN_UNINITIALIZED_AUTOS = YES_AGGRESSIVE;
				GCC_WARN_UNUSED_FUNCTION = YES;
				GCC_WARN_UNUSED_VARIABLE = YES;
				IPHONEOS_DEPLOYMENT_TARGET = 9.1;
				MTL_ENABLE_DEBUG_INFO = YES;
				ONLY_ACTIVE_ARCH = YES;
				SDKROOT = iphoneos;
				SWIFT_OPTIMIZATION_LEVEL = "-Onone";
			};
			name = Debug;
		};
		3F787F5D1C746F5F002261A3 /* Release */ = {
			isa = XCBuildConfiguration;
			buildSettings = {
				ALWAYS_SEARCH_USER_PATHS = NO;
				CLANG_CXX_LANGUAGE_STANDARD = "gnu++0x";
				CLANG_CXX_LIBRARY = "libc++";
				CLANG_ENABLE_MODULES = YES;
				CLANG_ENABLE_OBJC_ARC = YES;
				CLANG_WARN_BOOL_CONVERSION = YES;
				CLANG_WARN_CONSTANT_CONVERSION = YES;
				CLANG_WARN_DIRECT_OBJC_ISA_USAGE = YES_ERROR;
				CLANG_WARN_EMPTY_BODY = YES;
				CLANG_WARN_ENUM_CONVERSION = YES;
				CLANG_WARN_INT_CONVERSION = YES;
				CLANG_WARN_OBJC_ROOT_CLASS = YES_ERROR;
				CLANG_WARN_UNREACHABLE_CODE = YES;
				CLANG_WARN__DUPLICATE_METHOD_MATCH = YES;
				"CODE_SIGN_IDENTITY[sdk=iphoneos*]" = "iPhone Developer";
				COPY_PHASE_STRIP = NO;
				DEBUG_INFORMATION_FORMAT = "dwarf-with-dsym";
				ENABLE_NS_ASSERTIONS = NO;
				ENABLE_STRICT_OBJC_MSGSEND = YES;
				GCC_C_LANGUAGE_STANDARD = gnu99;
				GCC_NO_COMMON_BLOCKS = YES;
				GCC_WARN_64_TO_32_BIT_CONVERSION = YES;
				GCC_WARN_ABOUT_RETURN_TYPE = YES_ERROR;
				GCC_WARN_UNDECLARED_SELECTOR = YES;
				GCC_WARN_UNINITIALIZED_AUTOS = YES_AGGRESSIVE;
				GCC_WARN_UNUSED_FUNCTION = YES;
				GCC_WARN_UNUSED_VARIABLE = YES;
				IPHONEOS_DEPLOYMENT_TARGET = 9.1;
				MTL_ENABLE_DEBUG_INFO = NO;
				SDKROOT = iphoneos;
				VALIDATE_PRODUCT = YES;
			};
			name = Release;
		};
		3F787F5F1C746F5F002261A3 /* Debug */ = {
			isa = XCBuildConfiguration;
			buildSettings = {
				ASSETCATALOG_COMPILER_APPICON_NAME = AppIcon;
				CODE_SIGN_IDENTITY = "iPhone Developer";
				INFOPLIST_FILE = DownloadTestApp/Info.plist;
				LD_RUNPATH_SEARCH_PATHS = "$(inherited) @executable_path/Frameworks";
				PRODUCT_BUNDLE_IDENTIFIER = "cn.swift-cn.DownloadTestApp";
				PRODUCT_NAME = "$(TARGET_NAME)";
			};
			name = Debug;
		};
		3F787F601C746F5F002261A3 /* Release */ = {
			isa = XCBuildConfiguration;
			buildSettings = {
				ASSETCATALOG_COMPILER_APPICON_NAME = AppIcon;
				CODE_SIGN_IDENTITY = "iPhone Developer";
				INFOPLIST_FILE = DownloadTestApp/Info.plist;
				LD_RUNPATH_SEARCH_PATHS = "$(inherited) @executable_path/Frameworks";
				PRODUCT_BUNDLE_IDENTIFIER = "cn.swift-cn.DownloadTestApp";
				PRODUCT_NAME = "$(TARGET_NAME)";
			};
			name = Release;
		};
/* End XCBuildConfiguration section */

/* Begin XCConfigurationList section */
		3F787F471C746F5F002261A3 /* Build configuration list for PBXProject "DownloadTestApp" */ = {
			isa = XCConfigurationList;
			buildConfigurations = (
				3F787F5C1C746F5F002261A3 /* Debug */,
				3F787F5D1C746F5F002261A3 /* Release */,
			);
			defaultConfigurationIsVisible = 0;
			defaultConfigurationName = Release;
		};
		3F787F5E1C746F5F002261A3 /* Build configuration list for PBXNativeTarget "DownloadTestApp" */ = {
			isa = XCConfigurationList;
			buildConfigurations = (
				3F787F5F1C746F5F002261A3 /* Debug */,
				3F787F601C746F5F002261A3 /* Release */,
			);
			defaultConfigurationIsVisible = 0;
			defaultConfigurationName = Release;
		};
/* End XCConfigurationList section */
	};
	rootObject = 3F787F441C746F5F002261A3 /* Project object */;
}
